
Microsoft Visual Studio Solution File, Format Version 12.00
# Visual Studio Version 16
VisualStudioVersion = 16.0.30002.166
MinimumVisualStudioVersion = 10.0.40219.1
Project("{9A19103F-16F7-4668-BE54-9A1E7A4F7556}") = "RestaurantApp", "RestaurantApp.csproj", "{7D2A73B3-B59F-4EF9-9C3D-2BE57FA3B7B9}"
EndProject
Project("{FAE04EC0-301F-11D3-BF4B-00C04F79EFBC}") = "RestaurantApp.Core", "..\RestaurantApp.Core\RestaurantApp.Core.csproj", "{E9E29936-F450-4034-A43B-A5D1D1A52C86}"
EndProject
Project("{FAE04EC0-301F-11D3-BF4B-00C04F79EFBC}") = "RestaurantApp.Data", "..\RestaurantApp.Data\RestaurantApp.Data.csproj", "{251C89C4-C4B5-480F-864E-393B9143F949}"
EndProject
Global
	GlobalSection(SolutionConfigurationPlatforms) = preSolution
		Debug|Any CPU = Debug|Any CPU
		Release|Any CPU = Release|Any CPU
	EndGlobalSection
	GlobalSection(ProjectConfigurationPlatforms) = postSolution
		{7D2A73B3-B59F-4EF9-9C3D-2BE57FA3B7B9}.Debug|Any CPU.ActiveCfg = Debug|Any CPU
		{7D2A73B3-B59F-4EF9-9C3D-2BE57FA3B7B9}.Debug|Any CPU.Build.0 = Debug|Any CPU
		{7D2A73B3-B59F-4EF9-9C3D-2BE57FA3B7B9}.Release|Any CPU.ActiveCfg = Release|Any CPU
		{7D2A73B3-B59F-4EF9-9C3D-2BE57FA3B7B9}.Release|Any CPU.Build.0 = Release|Any CPU
		{E9E29936-F450-4034-A43B-A5D1D1A52C86}.Debug|Any CPU.ActiveCfg = Debug|Any CPU
		{E9E29936-F450-4034-A43B-A5D1D1A52C86}.Debug|Any CPU.Build.0 = Debug|Any CPU
		{E9E29936-F450-4034-A43B-A5D1D1A52C86}.Release|Any CPU.ActiveCfg = Release|Any CPU
		{E9E29936-F450-4034-A43B-A5D1D1A52C86}.Release|Any CPU.Build.0 = Release|Any CPU
		{251C89C4-C4B5-480F-864E-393B9143F949}.Debug|Any CPU.ActiveCfg = Debug|Any CPU
		{251C89C4-C4B5-480F-864E-393B9143F949}.Debug|Any CPU.Build.0 = Debug|Any CPU
		{251C89C4-C4B5-480F-864E-393B9143F949}.Release|Any CPU.ActiveCfg = Release|Any CPU
		{251C89C4-C4B5-480F-864E-393B9143F949}.Release|Any CPU.Build.0 = Release|Any CPU
	EndGlobalSection
	GlobalSection(SolutionProperties) = preSolution
		HideSolutionNode = FALSE
	EndGlobalSection
	GlobalSection(ExtensibilityGlobals) = postSolution
		SolutionGuid = {6474F57D-B868-4D2D-A525-3F89F58573DB}
	EndGlobalSection
EndGlobal
